# This file is autogenerated, do not edit; changes may be undone by the next 'dep ensure'.


[[projects]]
  digest = "1:a7dff785c90bf3768d9bee6f6d74b6a9ff3f33a6f717cedcdfdaf27b10efa437"
  name = "cloud.google.com/go"
  packages = ["compute/metadata"]
  pruneopts = "UT"
  revision = "c0e65c58430ba7e2f39a90c5e3c27f4f34f3e188"
  version = "v0.100.2"

[[projects]]
  digest = "1:3d3da1dd49a4492069391f9ae0c3e39a8b6e96fb5e8b3e5bbfb8d4820e8d4c36"
  name = "github.com/antihax/optional"
  packages = ["."]
  pruneopts = "UT"
  revision = "c3f0ba9c1a592b971d66b2787679af55b5c58f21"
  version = "v1.0.0"

[[projects]]
  digest = "1:c05fe0aa23ad74beea6f5e034be5acea8aa10f29f810f410781e61c04dfdb95a"
  name = "github.com/aws/aws-sdk-go"
  packages = [
    "aws",
    "aws/awserr",
    "aws/awsutil",
    "aws/client",
    "aws/client/metadata",
    "aws/corehandlers",
    "aws/credentials",
    "aws/credentials/ec2rolecreds",
    "aws/credentials/endpointcreds",
    "aws/credentials/processcreds",
    "aws/credentials/ssocreds",
    "aws/credentials/stscreds",
    "aws/csm",
    "aws/defaults",
    "aws/ec2metadata",
    "aws/endpoints",
    "aws/request",
    "aws/session",
    "aws/signer/v4",
    "internal/context",
    "internal/ini",
    "internal/sdkio",
    "internal/sdkmath",
    "internal/sdkrand",
    "internal/sdkuri",
    "internal/shareddefaults",
    "internal/strings",
    "internal/sync/singleflight",
    "private/protocol",
    "private/protocol/json/jsonutil",
    "private/protocol/jsonrpc",
    "private/protocol/query",
    "private/protocol/query/queryutil",
    "private/protocol/rest",
    "private/protocol/restjson",
    "private/protocol/xml/xmlutil",
    "service/ecr",
    "service/sso",
    "service/sso/ssoiface",
    "service/sts",
    "service/sts/stsiface",
  ]
  pruneopts = "T"
  revision = "895cfb31afb235ab5461432d181680152cafe67d"
  version = "v1.42.38"

[[projects]]
  digest = "1:b7eb171a016a582f1e83d58445fd0f40685352d81ccbdee80c4985d9f9cd699c"
  name = "github.com/caarlos0/env"
  packages = ["."]
  pruneopts = "UT"
  revision = "66696b36d25095f5a0961050c5d0a965ec661e82"
  version = "v6.9.1"

[[projects]]
  branch = "experiment-grafeas-sync"
  digest = "1:543fcb718f61a3786fb1c1fd7571c352f51831eb6efcab2e8d16fdf805729862"
  name = "github.com/coreos/clair"
  packages = [
    "api/v3/clairpb",
    "database",
    "ext/versionfmt",
  ]
  pruneopts = "UT"
  revision = "30bd568d83612a5292a0da311057247dfdad6cbf"

[[projects]]
  digest = "1:0a2260bcfa15237979ef496f03fb6af215c247ad998881a4d039992228876ae3"
  name = "github.com/go-pg/pg"
  packages = [
    ".",
    "internal",
    "internal/parser",
    "internal/pool",
    "orm",
    "types",
  ]
  pruneopts = "UT"
  revision = "ae5d5e7df4b2e598390e10b66b849c6af94f092b"
  version = "v6.15.1"

[[projects]]
  digest = "1:946bb9a44eae97481d3c42f463a2e2e171b2aa398d36790e7ff6d90b4de04fb6"
  name = "github.com/gogo/protobuf"
  packages = [
    "gogoproto",
    "proto",
    "protoc-gen-gogo/descriptor",
  ]
  pruneopts = "UT"
  revision = "b03c65ea87cdc3521ede29f62fe3ce239267c1bc"
  version = "v1.3.2"

[[projects]]
  digest = "1:516f71982a62cad06fd3c213b5e29b464855edc40825c3da69d57fcb94036f26"
  name = "github.com/golang/protobuf"
  packages = [
    "descriptor",
    "jsonpb",
    "proto",
    "protoc-gen-go/descriptor",
    "ptypes",
    "ptypes/any",
    "ptypes/duration",
    "ptypes/empty",
    "ptypes/timestamp",
    "ptypes/wrappers",
  ]
  pruneopts = "UT"
  revision = "ae97035608a719c7a1c1c41bed0ae0744bdb0c6f"
  version = "v1.5.2"

[[projects]]
  digest = "1:fb39a574fbc3230a6a93530aa17215c6b79049a0a2d30b6d19db6f809a6e56f0"
  name = "github.com/google/wire"
  packages = ["."]
  pruneopts = "UT"
  revision = "89cb901fdf9dfcf4292cbfe0c9ac90d98213be68"
  version = "v0.3.0"

[[projects]]
  digest = "1:6078383dbb7405bfa3ce16957f37564e3b716afa29b6eb45ffdb6674624d1e0d"
  name = "github.com/gorilla/mux"
  packages = ["."]
  pruneopts = "UT"
  revision = "98cb6bf42e086f6af920b965c38cacc07402d51b"
  version = "v1.8.0"

[[projects]]
  digest = "1:4c0ee801fd6c6cda2f203a047053e9c226de3d165f2f8b1f3ff5f99213fbf3a8"
  name = "github.com/grpc-ecosystem/grpc-gateway"
  packages = [
    "internal",
    "runtime",
    "utilities",
  ]
  pruneopts = "UT"
  revision = "094a6fe78b3ca888297d090185cdf30f0e42e157"
  version = "v1.16.0"

[[projects]]
  digest = "1:01ed62f8f4f574d8aff1d88caee113700a2b44c42351943fa73cc1808f736a50"
  name = "github.com/jinzhu/inflection"
  packages = ["."]
  pruneopts = "UT"
  revision = "f5c5f50e6090ae76a29240b61ae2a90dd810112e"
  version = "v1.0.0"

[[projects]]
  digest = "1:bb81097a5b62634f3e9fec1014657855610c82d19b9a40c17612e32651e35dca"
  name = "github.com/jmespath/go-jmespath"
  packages = ["."]
  pruneopts = "UT"
  revision = "c2b33e84"

[[projects]]
  branch = "master"
  digest = "1:fde147f0903ac11e569f6c2bf85d8603ca9c138b8d5ba02755bd36e9852bfa82"
  name = "github.com/juju/errors"
  packages = ["."]
  pruneopts = "UT"
  revision = "5560c4c073ff464458ad494868fe00c57d46d97b"

[[projects]]
  digest = "1:f16951321c07f3b5c5018057c0d6cfe8908f3de8536c3e963edb3537029670c6"
  name = "github.com/nats-io/nats.go"
  packages = [
    ".",
    "encoders/builtin",
    "util",
  ]
  pruneopts = "UT"
  revision = "41cb5bc08cf2791d7bc904af913680e96a42e70b"
  version = "v1.13.0"

[[projects]]
  digest = "1:b9e6e06a31517887500397910762de2a9ef09f43fe24c7684838248503570ae2"
  name = "github.com/nats-io/nkeys"
  packages = ["."]
  pruneopts = "UT"
  revision = "44384414044304395985410ff55ed78cbf0b09a8"
  version = "v0.3.0"

[[projects]]
  digest = "1:599f3202ce0a754144ddc4be4c6df9c6ab27b1d722a63ede6b2e0c3a2cc338a8"
  name = "github.com/nats-io/nuid"
  packages = ["."]
  pruneopts = "UT"
  revision = "4b96681fa6d28dd0ab5fe79bac63b3a493d9ee94"
  version = "v1.0.1"

[[projects]]
  digest = "1:4786072b7c95cdcd722a53dfc10263fbede3663ba703023c5a111b5b9eef5331"
  name = "github.com/nats-io/stan"
  packages = ["."]
  pruneopts = "UT"
  revision = "c223adc9d9a923121774140cdd5bcc3383aa0c84"
  version = "v0.5.2"

[[projects]]
  digest = "1:122a4238236e79ce32648886090d81455675dda298c538d414afe288a1a07d23"
  name = "github.com/nats-io/stan.go"
  packages = ["pb"]
  pruneopts = "UT"
  revision = "366e4de8a0627fa0a4e0102e4cd129f864fe6bf9"
  version = "v0.10.2"

[[projects]]
  digest = "1:05f70856b0a520df2340e43d141166d4b07b8cb62bd4bb2ecc953f3232a7583b"
  name = "github.com/optiopay/klar"
  packages = [
    "clair",
    "docker",
    "utils",
  ]
  pruneopts = "UT"
  revision = "0bd846c967e90bba25f7ee174472e9e1311eda13"
  version = "v2.4.0"

[[projects]]
  digest = "1:819b22a75ddd43c69965c9582dcab34a077f2d3f543bf8832126b275ea6953e6"
  name = "github.com/sirupsen/logrus"
  packages = ["."]
  pruneopts = "UT"
  revision = "bdc0db8ead3853c56b7cd1ac2ba4e11b47d7da6b"
  version = "v1.8.1"

[[projects]]
  digest = "1:4306d6fbe32c56aa4808c78118ab2dd03c5b52f471fea11b23377f4e2bc4f48a"
  name = "go.uber.org/atomic"
  packages = ["."]
  pruneopts = "UT"
  revision = "3504dfaa1fa414923b1c8693f45d2f6931daf229"
  version = "v1.9.0"

[[projects]]
  digest = "1:ac2df12a5ec74e2ed232bf110e3a27ddb06760d6d5884920f47f91f22e1f8742"
  name = "go.uber.org/multierr"
  packages = ["."]
  pruneopts = "UT"
  revision = "a5cd5509686189240486545be669e1dff9b98dcf"
  version = "v1.7.0"

[[projects]]
  digest = "1:0c278ac63342476908003f1e8bbe622bc86dd129b7f8701f5404c541c6c126f5"
  name = "go.uber.org/zap"
  packages = [
    ".",
    "buffer",
    "internal/bufferpool",
    "internal/color",
    "internal/exit",
    "zapcore",
  ]
  pruneopts = "UT"
  revision = "ad0b02de7bf46047bd40a1e7a85306103747f3e9"
  version = "v1.20.0"

[[projects]]
  branch = "master"
  digest = "1:b01eab0cb5556f082c4acae90a479812d5999ba3748e3fe8f9bc8f57bef56b3f"
  name = "golang.org/x/crypto"
  packages = [
    "ed25519",
    "ed25519/internal/edwards25519",
    "pbkdf2",
  ]
  pruneopts = "UT"
  revision = "5e0467b6c7cee3ce8969a8b584d9e6ab01d074f7"

[[projects]]
  branch = "master"
  digest = "1:cdfef7b1c8b8c2d8ba38e69ef996099d995741bc8f7606b430bd26b52a2ac043"
  name = "golang.org/x/net"
  packages = [
    "context",
    "context/ctxhttp",
    "http/httpguts",
    "http2",
    "http2/hpack",
    "idna",
    "internal/timeseries",
    "trace",
  ]
  pruneopts = "UT"
  revision = "0dd24b26b47d4eb2d45eb3c7a4bcb809d7c1edb8"

[[projects]]
  branch = "master"
  digest = "1:bd15bf6b9b6788ffb7885aca75689b72767c4a5ab4cb5f8e5e3ac904686612ee"
  name = "golang.org/x/oauth2"
  packages = [
    ".",
    "authhandler",
    "google",
    "google/internal/externalaccount",
    "internal",
    "jws",
    "jwt",
  ]
  pruneopts = "UT"
  revision = "d3ed0bb246c8d3c75b63937d9a5eecff9c74d7fe"

[[projects]]
  branch = "master"
  digest = "1:54d20f11f65e8e9445b1c92797ad941141487c7f10a25dc079cba3580950e51b"
  name = "golang.org/x/sys"
  packages = [
    "internal/unsafeheader",
    "unix",
    "windows",
  ]
  pruneopts = "UT"
  revision = "da31bd327af904dd4721b4eefa7c505bb3afd214"

[[projects]]
  digest = "1:c9f99de7a59710d6160060a62e92e3c2899174af0b60cc8f4188eb98a5a0d1e6"
  name = "golang.org/x/text"
  packages = [
    "collate",
    "collate/build",
    "internal/colltab",
    "internal/gen",
    "internal/language",
    "internal/language/compact",
    "internal/tag",
    "internal/triegen",
    "internal/ucd",
    "language",
    "secure/bidirule",
    "transform",
    "unicode/bidi",
    "unicode/cldr",
    "unicode/norm",
    "unicode/rangetable",
  ]
  pruneopts = "UT"
  revision = "383b2e75a7a4198c42f8f87833eefb772868a56f"
  version = "v0.3.7"

[[projects]]
  digest = "1:b942d2fb333f6f99877da27783e752239e7544fceb951d497db1bff56f4cef93"
  name = "google.golang.org/appengine"
  packages = [
    ".",
    "internal",
    "internal/app_identity",
    "internal/base",
    "internal/datastore",
    "internal/log",
    "internal/modules",
    "internal/remote_api",
    "internal/urlfetch",
    "urlfetch",
  ]
  pruneopts = "UT"
  revision = "ab4e2d305cf26ae7721eabf654d8f74e0dc7dfe6"
  version = "v2.0.1"

[[projects]]
  branch = "main"
  digest = "1:8c76624a1b484d75c456d87d2df6c78fadb681339a9f7006c55fcc7d4d124fce"
  name = "google.golang.org/genproto"
  packages = [
    "googleapis/api/annotations",
    "googleapis/api/httpbody",
    "googleapis/rpc/status",
    "protobuf/field_mask",
  ]
  pruneopts = "UT"
  revision = "00ab72f36ad551e26984e123374ceffe52cff70b"

[[projects]]
  digest = "1:1a7fb09f4f7ba32b1c417781edab742080e7304d97604590a074cd59e4e207d7"
  name = "google.golang.org/grpc"
  packages = [
    ".",
    "attributes",
    "backoff",
    "balancer",
    "balancer/base",
    "balancer/grpclb/state",
    "balancer/roundrobin",
    "binarylog/grpc_binarylog_v1",
    "codes",
    "connectivity",
    "credentials",
    "credentials/insecure",
    "encoding",
    "encoding/proto",
    "grpclog",
    "internal",
    "internal/backoff",
    "internal/balancerload",
    "internal/binarylog",
    "internal/buffer",
    "internal/channelz",
    "internal/credentials",
    "internal/envconfig",
    "internal/grpclog",
    "internal/grpcrand",
    "internal/grpcsync",
    "internal/grpcutil",
    "internal/metadata",
    "internal/resolver",
    "internal/resolver/dns",
    "internal/resolver/passthrough",
    "internal/resolver/unix",
    "internal/serviceconfig",
    "internal/status",
    "internal/syscall",
    "internal/transport",
    "internal/transport/networktype",
    "keepalive",
    "metadata",
    "peer",
    "resolver",
    "serviceconfig",
    "stats",
    "status",
    "tap",
  ]
  pruneopts = "UT"
  revision = "14c11384b76b67f7b1b32a5d18f865762634c0ae"
  version = "v1.43.0"

[[projects]]
  digest = "1:66e6e15c37f631d0b2a0f54e273676875fa296119f2df5db04165408fdac7522"
  name = "google.golang.org/protobuf"
  packages = [
    "encoding/protojson",
    "encoding/prototext",
    "encoding/protowire",
    "internal/descfmt",
    "internal/descopts",
    "internal/detrand",
    "internal/encoding/defval",
    "internal/encoding/json",
    "internal/encoding/messageset",
    "internal/encoding/tag",
    "internal/encoding/text",
    "internal/errors",
    "internal/filedesc",
    "internal/filetype",
    "internal/flags",
    "internal/genid",
    "internal/impl",
    "internal/order",
    "internal/pragma",
    "internal/set",
    "internal/strs",
    "internal/version",
    "proto",
    "reflect/protodesc",
    "reflect/protoreflect",
    "reflect/protoregistry",
    "runtime/protoiface",
    "runtime/protoimpl",
    "types/descriptorpb",
    "types/known/anypb",
    "types/known/durationpb",
    "types/known/emptypb",
    "types/known/fieldmaskpb",
    "types/known/timestamppb",
    "types/known/wrapperspb",
  ]
  pruneopts = "UT"
  revision = "b92717ecb630d4a4824b372bf98c729d87311a4d"
  version = "v1.27.1"

[[projects]]
  digest = "1:999d566ad1ae4303c456af5a155f7b42401cca4fd33552567ed9dd997b107a08"
  name = "mellium.im/sasl"
  packages = ["."]
  pruneopts = "UT"
  revision = "e58e780e1378aa4df5dc705364ff5ae9a4dd1e04"
  version = "v0.2.1"

[solve-meta]
  analyzer-name = "dep"
  analyzer-version = 1
  input-imports = [
    "github.com/antihax/optional",
    "github.com/aws/aws-sdk-go/aws",
    "github.com/aws/aws-sdk-go/aws/credentials",
    "github.com/aws/aws-sdk-go/aws/session",
    "github.com/aws/aws-sdk-go/service/ecr",
    "github.com/caarlos0/env",
    "github.com/go-pg/pg",
    "github.com/google/wire",
    "github.com/gorilla/mux",
    "github.com/juju/errors",
    "github.com/nats-io/nats.go",
    "github.com/nats-io/stan",
    "github.com/optiopay/klar/clair",
    "github.com/optiopay/klar/docker",
    "go.uber.org/zap",
    "golang.org/x/oauth2",
    "golang.org/x/oauth2/google",
  ]
  solver-name = "gps-cdcl"
  solver-version = 1
